
Microsoft Visual Studio Solution File, Format Version 12.00
# Visual Studio Version 17
VisualStudioVersion = 17.10.35027.167
MinimumVisualStudioVersion = 10.0.40219.1
Project("{FAE04EC0-301F-11D3-BF4B-00C04F79EFBC}") = "CodeFirstRadore", "CodeFirstRadore\CodeFirstRadore.csproj", "{DC598F33-9AF5-4AFC-868C-5A23F9D38B90}"
EndProject
Global
	GlobalSection(SolutionConfigurationPlatforms) = preSolution
		Debug|Any CPU = Debug|Any CPU
		Release|Any CPU = Release|Any CPU
	EndGlobalSection
	GlobalSection(ProjectConfigurationPlatforms) = postSolution
		{DC598F33-9AF5-4AFC-868C-5A23F9D38B90}.Debug|Any CPU.ActiveCfg = Debug|Any CPU
		{DC598F33-9AF5-4AFC-868C-5A23F9D38B90}.Debug|Any CPU.Build.0 = Debug|Any CPU
		{DC598F33-9AF5-4AFC-868C-5A23F9D38B90}.Release|Any CPU.ActiveCfg = Release|Any CPU
		{DC598F33-9AF5-4AFC-868C-5A23F9D38B90}.Release|Any CPU.Build.0 = Release|Any CPU
	EndGlobalSection
	GlobalSection(SolutionProperties) = preSolution
		HideSolutionNode = FALSE
	EndGlobalSection
	GlobalSection(ExtensibilityGlobals) = postSolution
		SolutionGuid = {5D53BB7D-8A11-42DA-97D2-A7D76AA0D177}
	EndGlobalSection
EndGlobal
